<?xml version="1.0" encoding="utf-8"?>
<Project ToolsVersion="4.0" xmlns="http://schemas.microsoft.com/developer/msbuild/2003">
  <ItemGroup>
    <Filter Include="Source Files">
      <UniqueIdentifier>{4FC737F1-C7A5-4376-A066-2A32D752A2FF}</UniqueIdentifier>
      <Extensions>cpp;c;cxx;def;odl;idl;hpj;bat;asm;asmx</Extensions>
    </Filter>
    <Filter Include="Header Files">
      <UniqueIdentifier>{93995380-89BD-4b04-88EB-625FBE52EBFB}</UniqueIdentifier>
      <Extensions>h;hpp;hxx;hm;inl;inc;xsd</Extensions>
    </Filter>
    <Filter Include="Resource Files">
      <UniqueIdentifier>{67DA6AB6-F800-4c08-8B7A-83BB121AAD01}</UniqueIdentifier>
      <Extensions>rc;ico;cur;bmp;dlg;rc2;rct;bin;rgs;gif;jpg;jpeg;jpe;resx</Extensions>
    </Filter>
  </ItemGroup>
  <ItemGroup>
    <ClCompile Include="CustomListCtrl.cpp">
      <Filter>Source Files</Filter>
    </ClCompile>
    <ClCompile Include="CustomSplit.cpp">
      <Filter>Source Files</Filter>
    </ClCompile>
    <ClCompile Include="CustomTree.cpp">
      <Filter>Source Files</Filter>
    </ClCompile>
    <ClCompile Include="DeleteFile.cpp">
      <Filter>Source Files</Filter>
    </ClCompile>
    <ClCompile Include="MainFrm.cpp">
      <Filter>Source Files</Filter>
    </ClCompile>
    <ClCompile Include="Modules.cpp">
      <Filter>Source Files</Filter>
    </ClCompile>
    <ClCompile Include="PestRid.cpp">
      <Filter>Source Files</Filter>
    </ClCompile>
    <ClCompile Include="PestRidDlg.cpp">
      <Filter>Source Files</Filter>
    </ClCompile>
    <ClCompile Include="stdafx.cpp">
      <Filter>Source Files</Filter>
    </ClCompile>
    <ClCompile Include="SysSeeAllDoc.cpp">
      <Filter>Source Files</Filter>
    </ClCompile>
    <ClCompile Include="Utility.cpp">
      <Filter>Source Files</Filter>
    </ClCompile>
    <ClCompile Include="WinUtil.cpp">
      <Filter>Source Files</Filter>
    </ClCompile>
  </ItemGroup>
  <ItemGroup>
    <ClInclude Include="CustomListCtrl.h">
      <Filter>Header Files</Filter>
    </ClInclude>
    <ClInclude Include="CustomSplit.h">
      <Filter>Header Files</Filter>
    </ClInclude>
    <ClInclude Include="CustomTree.h">
      <Filter>Header Files</Filter>
    </ClInclude>
    <ClInclude Include="DisplayTypes.h">
      <Filter>Header Files</Filter>
    </ClInclude>
    <ClInclude Include="DriverInterface.h">
      <Filter>Header Files</Filter>
    </ClInclude>
    <ClInclude Include="MainFrm.h">
      <Filter>Header Files</Filter>
    </ClInclude>
    <ClInclude Include="Modules.h">
      <Filter>Header Files</Filter>
    </ClInclude>
    <ClInclude Include="PestRid.h">
      <Filter>Header Files</Filter>
    </ClInclude>
    <ClInclude Include="PestRidDlg.h">
      <Filter>Header Files</Filter>
    </ClInclude>
    <ClInclude Include="Resource.h">
      <Filter>Header Files</Filter>
    </ClInclude>
    <ClInclude Include="stdafx.h">
      <Filter>Header Files</Filter>
    </ClInclude>
    <ClInclude Include="SysSeeAllDoc.h">
      <Filter>Header Files</Filter>
    </ClInclude>
    <ClInclude Include="TraceLog.h">
      <Filter>Header Files</Filter>
    </ClInclude>
    <ClInclude Include="Utility.h">
      <Filter>Header Files</Filter>
    </ClInclude>
    <ClInclude Include="WinAPI.h">
      <Filter>Header Files</Filter>
    </ClInclude>
  </ItemGroup>
  <ItemGroup>
    <Image Include="res\device32.ico">
      <Filter>Resource Files</Filter>
    </Image>
    <Image Include="res\dir.bmp">
      <Filter>Resource Files</Filter>
    </Image>
    <Image Include="res\dir32.ico">
      <Filter>Resource Files</Filter>
    </Image>
    <Image Include="res\dirsel.bmp">
      <Filter>Resource Files</Filter>
    </Image>
    <Image Include="res\down.bmp">
      <Filter>Resource Files</Filter>
    </Image>
    <Image Include="res\driver32.ico">
      <Filter>Resource Files</Filter>
    </Image>
    <Image Include="res\event32.ico">
      <Filter>Resource Files</Filter>
    </Image>
    <Image Include="res\key32.ico">
      <Filter>Resource Files</Filter>
    </Image>
    <Image Include="res\mutant32.ico">
      <Filter>Resource Files</Filter>
    </Image>
    <Image Include="res\PestRid.ico">
      <Filter>Resource Files</Filter>
    </Image>
    <Image Include="res\port32.ico">
      <Filter>Resource Files</Filter>
    </Image>
    <Image Include="res\profile32.ico">
      <Filter>Resource Files</Filter>
    </Image>
    <Image Include="res\section32.ico">
      <Filter>Resource Files</Filter>
    </Image>
    <Image Include="res\semaphore32.ico">
      <Filter>Resource Files</Filter>
    </Image>
    <Image Include="res\symlink32.ico">
      <Filter>Resource Files</Filter>
    </Image>
    <Image Include="res\timer32.ico">
      <Filter>Resource Files</Filter>
    </Image>
    <Image Include="res\Toolbar.bmp">
      <Filter>Resource Files</Filter>
    </Image>
    <Image Include="res\unk32.ico">
      <Filter>Resource Files</Filter>
    </Image>
    <Image Include="res\up.bmp">
      <Filter>Resource Files</Filter>
    </Image>
    <Image Include="res\windowstation32.ico">
      <Filter>Resource Files</Filter>
    </Image>
  </ItemGroup>
  <ItemGroup>
    <Manifest Include="PestRid.manifest">
      <Filter>Resource Files</Filter>
    </Manifest>
  </ItemGroup>
  <ItemGroup>
    <ResourceCompile Include="PestRid.rc">
      <Filter>Resource Files</Filter>
    </ResourceCompile>
  </ItemGroup>
  <ItemGroup>
    <None Include="res\PestRid.rc2">
      <Filter>Resource Files</Filter>
    </None>
    <None Include="PestRidDrv\objfre_w2k_x86\i386\PestRidDrv.sys">
      <Filter>Resource Files</Filter>
    </None>
    <None Include="PestRidDrv\objfre_wnet_x86\i386\PestRidDrv.sys">
      <Filter>Resource Files</Filter>
    </None>
    <None Include="PestRidDrv\objfre_wxp_x86\i386\PestRidDrv.sys">
      <Filter>Resource Files</Filter>
    </None>
  </ItemGroup>
  <ItemGroup>
    <Text Include="ReadMe.txt" />
  </ItemGroup>
</Project>